
Microsoft Visual Studio Solution File, Format Version 12.00
# Visual Studio Version 16
VisualStudioVersion = 16.0.29609.76
MinimumVisualStudioVersion = 10.0.40219.1
Project("{9A19103F-16F7-4668-BE54-9A1E7A4F7556}") = "Akka.Persistence.Pulsar", "Akka.Persistence.Pulsar\Akka.Persistence.Pulsar.csproj", "{B266FA52-24BF-477B-AEA9-5C50EA06F2A7}"
EndProject
Project("{9A19103F-16F7-4668-BE54-9A1E7A4F7556}") = "Akka.Persistence.Pulsar.Tests", "Akka.Persistence.Pulsar.Tests\Akka.Persistence.Pulsar.Tests.csproj", "{43F06A8C-762B-4393-8AC1-06229C54D858}"
EndProject
Project("{9A19103F-16F7-4668-BE54-9A1E7A4F7556}") = "Producer", "Pulsar Sample\Producer.csproj", "{823B3517-BBF8-4F9F-B256-407F9286349E}"
EndProject
Project("{2150E333-8FDC-42A3-9474-1A3956D46DE8}") = "Samples", "Samples", "{EAD9B353-EE1C-46AF-8566-FC2033A62856}"
EndProject
Project("{9A19103F-16F7-4668-BE54-9A1E7A4F7556}") = "Sourcerer", "Sourcerer\Sourcerer.csproj", "{53ABB9E6-FC22-439A-AFE9-DE4B1CB3B496}"
EndProject
Project("{9A19103F-16F7-4668-BE54-9A1E7A4F7556}") = "Sample", "Sample\Sample.csproj", "{33581D20-FAC0-414C-9BF7-88B8ABC5431D}"
EndProject
Global
	GlobalSection(SolutionConfigurationPlatforms) = preSolution
		Debug|Any CPU = Debug|Any CPU
		Release|Any CPU = Release|Any CPU
	EndGlobalSection
	GlobalSection(ProjectConfigurationPlatforms) = postSolution
		{B266FA52-24BF-477B-AEA9-5C50EA06F2A7}.Debug|Any CPU.ActiveCfg = Debug|Any CPU
		{B266FA52-24BF-477B-AEA9-5C50EA06F2A7}.Debug|Any CPU.Build.0 = Debug|Any CPU
		{B266FA52-24BF-477B-AEA9-5C50EA06F2A7}.Release|Any CPU.ActiveCfg = Release|Any CPU
		{B266FA52-24BF-477B-AEA9-5C50EA06F2A7}.Release|Any CPU.Build.0 = Release|Any CPU
		{43F06A8C-762B-4393-8AC1-06229C54D858}.Debug|Any CPU.ActiveCfg = Debug|Any CPU
		{43F06A8C-762B-4393-8AC1-06229C54D858}.Debug|Any CPU.Build.0 = Debug|Any CPU
		{43F06A8C-762B-4393-8AC1-06229C54D858}.Release|Any CPU.ActiveCfg = Release|Any CPU
		{43F06A8C-762B-4393-8AC1-06229C54D858}.Release|Any CPU.Build.0 = Release|Any CPU
		{823B3517-BBF8-4F9F-B256-407F9286349E}.Debug|Any CPU.ActiveCfg = Debug|Any CPU
		{823B3517-BBF8-4F9F-B256-407F9286349E}.Debug|Any CPU.Build.0 = Debug|Any CPU
		{823B3517-BBF8-4F9F-B256-407F9286349E}.Release|Any CPU.ActiveCfg = Release|Any CPU
		{823B3517-BBF8-4F9F-B256-407F9286349E}.Release|Any CPU.Build.0 = Release|Any CPU
		{53ABB9E6-FC22-439A-AFE9-DE4B1CB3B496}.Debug|Any CPU.ActiveCfg = Debug|Any CPU
		{53ABB9E6-FC22-439A-AFE9-DE4B1CB3B496}.Debug|Any CPU.Build.0 = Debug|Any CPU
		{53ABB9E6-FC22-439A-AFE9-DE4B1CB3B496}.Release|Any CPU.ActiveCfg = Release|Any CPU
		{53ABB9E6-FC22-439A-AFE9-DE4B1CB3B496}.Release|Any CPU.Build.0 = Release|Any CPU
		{33581D20-FAC0-414C-9BF7-88B8ABC5431D}.Debug|Any CPU.ActiveCfg = Debug|Any CPU
		{33581D20-FAC0-414C-9BF7-88B8ABC5431D}.Debug|Any CPU.Build.0 = Debug|Any CPU
		{33581D20-FAC0-414C-9BF7-88B8ABC5431D}.Release|Any CPU.ActiveCfg = Release|Any CPU
		{33581D20-FAC0-414C-9BF7-88B8ABC5431D}.Release|Any CPU.Build.0 = Release|Any CPU
	EndGlobalSection
	GlobalSection(SolutionProperties) = preSolution
		HideSolutionNode = FALSE
	EndGlobalSection
	GlobalSection(NestedProjects) = preSolution
		{823B3517-BBF8-4F9F-B256-407F9286349E} = {EAD9B353-EE1C-46AF-8566-FC2033A62856}
		{53ABB9E6-FC22-439A-AFE9-DE4B1CB3B496} = {EAD9B353-EE1C-46AF-8566-FC2033A62856}
		{33581D20-FAC0-414C-9BF7-88B8ABC5431D} = {EAD9B353-EE1C-46AF-8566-FC2033A62856}
	EndGlobalSection
	GlobalSection(ExtensibilityGlobals) = postSolution
		SolutionGuid = {9E88732C-8A6D-49F5-A14B-4BD003509CE6}
	EndGlobalSection
EndGlobal
